
Microsoft Visual Studio Solution File, Format Version 12.00
# Visual Studio 15
VisualStudioVersion = 15.0.26124.0
MinimumVisualStudioVersion = 15.0.26124.0
Project("{2150E333-8FDC-42A3-9474-1A3956D46DE8}") = ".paket", ".paket", "{B356FE43-BEAF-40B2-BAAC-BC93E461E796}"
	ProjectSection(SolutionItems) = preProject
		paket.dependencies = paket.dependencies
	EndProjectSection
EndProject
Project("{2150E333-8FDC-42A3-9474-1A3956D46DE8}") = "src", "src", "{87F6C079-CBD7-4866-BDEB-CBDEA9E51D2A}"
EndProject
Project("{6EC3EE1D-3C4E-46DD-8F32-0CC8E7565705}") = "Elmish.HotReload.Client.Bolero", "src\Elmish.HotReload.Client.Bolero\Elmish.HotReload.Client.Bolero.fsproj", "{1481BBD6-A6DA-4912-A03A-134880D14701}"
EndProject
Project("{F2A71F9B-5D33-465A-A702-920D77279786}") = "Elmish.HotReload.Client.Core", "src\Elmish.HotReload.Client.Core\Elmish.HotReload.Client.Core.fsproj", "{ECE74A21-42CA-4F01-B6A4-25881422F7DD}"
EndProject
Project("{F2A71F9B-5D33-465A-A702-920D77279786}") = "bolero-live", "src\bolero-live\bolero-live.fsproj", "{64CC7C62-E373-488E-98FF-29BB63D1BC88}"
EndProject
Project("{F2A71F9B-5D33-465A-A702-920D77279786}") = "Elmish.HotReload", "src\Elmish.HotReload\Elmish.HotReload.fsproj", "{360EB73C-D0E1-4119-90BD-181A9B0F9089}"
EndProject
Project("{F2A71F9B-5D33-465A-A702-920D77279786}") = "Elmish.HotReload.Bolero", "src\Elmish.HotReload.Bolero\Elmish.HotReload.Bolero.fsproj", "{7AF1AE87-61D6-437F-A012-2242A51CFAF8}"
EndProject
Project("{F2A71F9B-5D33-465A-A702-920D77279786}") = "Elmish.HotReload.Tests", "src\Elmish.HotReload.Tests\Elmish.HotReload.Tests.fsproj", "{59BDD3C5-457E-424E-8E6D-B62465E7CB42}"
EndProject
Project("{2150E333-8FDC-42A3-9474-1A3956D46DE8}") = "Project Files", "Project Files", "{73ADE4B8-78F7-4426-8B25-1713978613FC}"
ProjectSection(SolutionItems) = preProject
	README.md = README.md
	paket.dependencies = paket.dependencies
	.gitignore = .gitignore
EndProjectSection
EndProject
Global
	GlobalSection(SolutionConfigurationPlatforms) = preSolution
		Debug|Any CPU = Debug|Any CPU
		Debug|x64 = Debug|x64
		Debug|x86 = Debug|x86
		Release|Any CPU = Release|Any CPU
		Release|x64 = Release|x64
		Release|x86 = Release|x86
	EndGlobalSection
	GlobalSection(ProjectConfigurationPlatforms) = postSolution
		{1481BBD6-A6DA-4912-A03A-134880D14701}.Debug|Any CPU.ActiveCfg = Debug|Any CPU
		{1481BBD6-A6DA-4912-A03A-134880D14701}.Debug|x64.ActiveCfg = Debug|Any CPU
		{1481BBD6-A6DA-4912-A03A-134880D14701}.Debug|x64.Build.0 = Debug|Any CPU
		{1481BBD6-A6DA-4912-A03A-134880D14701}.Debug|x86.ActiveCfg = Debug|Any CPU
		{1481BBD6-A6DA-4912-A03A-134880D14701}.Debug|x86.Build.0 = Debug|Any CPU
		{1481BBD6-A6DA-4912-A03A-134880D14701}.Release|Any CPU.ActiveCfg = Release|Any CPU
		{1481BBD6-A6DA-4912-A03A-134880D14701}.Release|Any CPU.Build.0 = Release|Any CPU
		{1481BBD6-A6DA-4912-A03A-134880D14701}.Release|x64.ActiveCfg = Release|Any CPU
		{1481BBD6-A6DA-4912-A03A-134880D14701}.Release|x64.Build.0 = Release|Any CPU
		{1481BBD6-A6DA-4912-A03A-134880D14701}.Release|x86.ActiveCfg = Release|Any CPU
		{1481BBD6-A6DA-4912-A03A-134880D14701}.Release|x86.Build.0 = Release|Any CPU
		{ECE74A21-42CA-4F01-B6A4-25881422F7DD}.Debug|Any CPU.ActiveCfg = Debug|Any CPU
		{ECE74A21-42CA-4F01-B6A4-25881422F7DD}.Debug|Any CPU.Build.0 = Debug|Any CPU
		{ECE74A21-42CA-4F01-B6A4-25881422F7DD}.Debug|x64.ActiveCfg = Debug|Any CPU
		{ECE74A21-42CA-4F01-B6A4-25881422F7DD}.Debug|x64.Build.0 = Debug|Any CPU
		{ECE74A21-42CA-4F01-B6A4-25881422F7DD}.Debug|x86.ActiveCfg = Debug|Any CPU
		{ECE74A21-42CA-4F01-B6A4-25881422F7DD}.Debug|x86.Build.0 = Debug|Any CPU
		{ECE74A21-42CA-4F01-B6A4-25881422F7DD}.Release|Any CPU.ActiveCfg = Release|Any CPU
		{ECE74A21-42CA-4F01-B6A4-25881422F7DD}.Release|Any CPU.Build.0 = Release|Any CPU
		{ECE74A21-42CA-4F01-B6A4-25881422F7DD}.Release|x64.ActiveCfg = Release|Any CPU
		{ECE74A21-42CA-4F01-B6A4-25881422F7DD}.Release|x64.Build.0 = Release|Any CPU
		{ECE74A21-42CA-4F01-B6A4-25881422F7DD}.Release|x86.ActiveCfg = Release|Any CPU
		{ECE74A21-42CA-4F01-B6A4-25881422F7DD}.Release|x86.Build.0 = Release|Any CPU
		{64CC7C62-E373-488E-98FF-29BB63D1BC88}.Debug|Any CPU.ActiveCfg = Debug|Any CPU
		{64CC7C62-E373-488E-98FF-29BB63D1BC88}.Debug|Any CPU.Build.0 = Debug|Any CPU
		{64CC7C62-E373-488E-98FF-29BB63D1BC88}.Debug|x64.ActiveCfg = Debug|Any CPU
		{64CC7C62-E373-488E-98FF-29BB63D1BC88}.Debug|x64.Build.0 = Debug|Any CPU
		{64CC7C62-E373-488E-98FF-29BB63D1BC88}.Debug|x86.ActiveCfg = Debug|Any CPU
		{64CC7C62-E373-488E-98FF-29BB63D1BC88}.Debug|x86.Build.0 = Debug|Any CPU
		{64CC7C62-E373-488E-98FF-29BB63D1BC88}.Release|Any CPU.ActiveCfg = Release|Any CPU
		{64CC7C62-E373-488E-98FF-29BB63D1BC88}.Release|Any CPU.Build.0 = Release|Any CPU
		{64CC7C62-E373-488E-98FF-29BB63D1BC88}.Release|x64.ActiveCfg = Release|Any CPU
		{64CC7C62-E373-488E-98FF-29BB63D1BC88}.Release|x64.Build.0 = Release|Any CPU
		{64CC7C62-E373-488E-98FF-29BB63D1BC88}.Release|x86.ActiveCfg = Release|Any CPU
		{64CC7C62-E373-488E-98FF-29BB63D1BC88}.Release|x86.Build.0 = Release|Any CPU
		{360EB73C-D0E1-4119-90BD-181A9B0F9089}.Debug|Any CPU.ActiveCfg = Debug|Any CPU
		{360EB73C-D0E1-4119-90BD-181A9B0F9089}.Debug|Any CPU.Build.0 = Debug|Any CPU
		{360EB73C-D0E1-4119-90BD-181A9B0F9089}.Debug|x64.ActiveCfg = Debug|Any CPU
		{360EB73C-D0E1-4119-90BD-181A9B0F9089}.Debug|x64.Build.0 = Debug|Any CPU
		{360EB73C-D0E1-4119-90BD-181A9B0F9089}.Debug|x86.ActiveCfg = Debug|Any CPU
		{360EB73C-D0E1-4119-90BD-181A9B0F9089}.Debug|x86.Build.0 = Debug|Any CPU
		{360EB73C-D0E1-4119-90BD-181A9B0F9089}.Release|Any CPU.ActiveCfg = Release|Any CPU
		{360EB73C-D0E1-4119-90BD-181A9B0F9089}.Release|Any CPU.Build.0 = Release|Any CPU
		{360EB73C-D0E1-4119-90BD-181A9B0F9089}.Release|x64.ActiveCfg = Release|Any CPU
		{360EB73C-D0E1-4119-90BD-181A9B0F9089}.Release|x64.Build.0 = Release|Any CPU
		{360EB73C-D0E1-4119-90BD-181A9B0F9089}.Release|x86.ActiveCfg = Release|Any CPU
		{360EB73C-D0E1-4119-90BD-181A9B0F9089}.Release|x86.Build.0 = Release|Any CPU
		{7AF1AE87-61D6-437F-A012-2242A51CFAF8}.Debug|Any CPU.ActiveCfg = Debug|Any CPU
		{7AF1AE87-61D6-437F-A012-2242A51CFAF8}.Debug|Any CPU.Build.0 = Debug|Any CPU
		{7AF1AE87-61D6-437F-A012-2242A51CFAF8}.Debug|x64.ActiveCfg = Debug|Any CPU
		{7AF1AE87-61D6-437F-A012-2242A51CFAF8}.Debug|x64.Build.0 = Debug|Any CPU
		{7AF1AE87-61D6-437F-A012-2242A51CFAF8}.Debug|x86.ActiveCfg = Debug|Any CPU
		{7AF1AE87-61D6-437F-A012-2242A51CFAF8}.Debug|x86.Build.0 = Debug|Any CPU
		{7AF1AE87-61D6-437F-A012-2242A51CFAF8}.Release|Any CPU.ActiveCfg = Release|Any CPU
		{7AF1AE87-61D6-437F-A012-2242A51CFAF8}.Release|Any CPU.Build.0 = Release|Any CPU
		{7AF1AE87-61D6-437F-A012-2242A51CFAF8}.Release|x64.ActiveCfg = Release|Any CPU
		{7AF1AE87-61D6-437F-A012-2242A51CFAF8}.Release|x64.Build.0 = Release|Any CPU
		{7AF1AE87-61D6-437F-A012-2242A51CFAF8}.Release|x86.ActiveCfg = Release|Any CPU
		{7AF1AE87-61D6-437F-A012-2242A51CFAF8}.Release|x86.Build.0 = Release|Any CPU
		{59BDD3C5-457E-424E-8E6D-B62465E7CB42}.Debug|Any CPU.ActiveCfg = Debug|Any CPU
		{59BDD3C5-457E-424E-8E6D-B62465E7CB42}.Debug|Any CPU.Build.0 = Debug|Any CPU
		{59BDD3C5-457E-424E-8E6D-B62465E7CB42}.Debug|x64.ActiveCfg = Debug|Any CPU
		{59BDD3C5-457E-424E-8E6D-B62465E7CB42}.Debug|x64.Build.0 = Debug|Any CPU
		{59BDD3C5-457E-424E-8E6D-B62465E7CB42}.Debug|x86.ActiveCfg = Debug|Any CPU
		{59BDD3C5-457E-424E-8E6D-B62465E7CB42}.Debug|x86.Build.0 = Debug|Any CPU
		{59BDD3C5-457E-424E-8E6D-B62465E7CB42}.Release|Any CPU.ActiveCfg = Release|Any CPU
		{59BDD3C5-457E-424E-8E6D-B62465E7CB42}.Release|Any CPU.Build.0 = Release|Any CPU
		{59BDD3C5-457E-424E-8E6D-B62465E7CB42}.Release|x64.ActiveCfg = Release|Any CPU
		{59BDD3C5-457E-424E-8E6D-B62465E7CB42}.Release|x64.Build.0 = Release|Any CPU
		{59BDD3C5-457E-424E-8E6D-B62465E7CB42}.Release|x86.ActiveCfg = Release|Any CPU
		{59BDD3C5-457E-424E-8E6D-B62465E7CB42}.Release|x86.Build.0 = Release|Any CPU
	EndGlobalSection
	GlobalSection(SolutionProperties) = preSolution
		HideSolutionNode = FALSE
	EndGlobalSection
	GlobalSection(NestedProjects) = preSolution
		{1481BBD6-A6DA-4912-A03A-134880D14701} = {87F6C079-CBD7-4866-BDEB-CBDEA9E51D2A}
		{ECE74A21-42CA-4F01-B6A4-25881422F7DD} = {87F6C079-CBD7-4866-BDEB-CBDEA9E51D2A}
		{64CC7C62-E373-488E-98FF-29BB63D1BC88} = {87F6C079-CBD7-4866-BDEB-CBDEA9E51D2A}
		{360EB73C-D0E1-4119-90BD-181A9B0F9089} = {87F6C079-CBD7-4866-BDEB-CBDEA9E51D2A}
		{7AF1AE87-61D6-437F-A012-2242A51CFAF8} = {87F6C079-CBD7-4866-BDEB-CBDEA9E51D2A}
		{59BDD3C5-457E-424E-8E6D-B62465E7CB42} = {87F6C079-CBD7-4866-BDEB-CBDEA9E51D2A}
	EndGlobalSection
	GlobalSection(ExtensibilityGlobals) = postSolution
		SolutionGuid = {8CFD6033-FB8D-48BE-9628-9D83DC023CAB}
	EndGlobalSection
EndGlobal
